
Microsoft Visual Studio Solution File, Format Version 12.00
# Visual Studio Version 17
VisualStudioVersion = 17.6.33723.286
MinimumVisualStudioVersion = 10.0.40219.1
Project("{FAE04EC0-301F-11D3-BF4B-00C04F79EFBC}") = "WebApplication7", "WebApplication7\WebApplication7.csproj", "{61746FC9-E31B-49F2-8FD0-33C8553E5DFD}"
EndProject
Global
	GlobalSection(SolutionConfigurationPlatforms) = preSolution
		Debug|Any CPU = Debug|Any CPU
		Release|Any CPU = Release|Any CPU
	EndGlobalSection
	GlobalSection(ProjectConfigurationPlatforms) = postSolution
		{61746FC9-E31B-49F2-8FD0-33C8553E5DFD}.Debug|Any CPU.ActiveCfg = Debug|Any CPU
		{61746FC9-E31B-49F2-8FD0-33C8553E5DFD}.Debug|Any CPU.Build.0 = Debug|Any CPU
		{61746FC9-E31B-49F2-8FD0-33C8553E5DFD}.Release|Any CPU.ActiveCfg = Release|Any CPU
		{61746FC9-E31B-49F2-8FD0-33C8553E5DFD}.Release|Any CPU.Build.0 = Release|Any CPU
	EndGlobalSection
	GlobalSection(SolutionProperties) = preSolution
		HideSolutionNode = FALSE
	EndGlobalSection
	GlobalSection(ExtensibilityGlobals) = postSolution
		SolutionGuid = {2F4C0B70-2D72-4E92-B275-2A188107A633}
	EndGlobalSection
EndGlobal
